
Microsoft Visual Studio Solution File, Format Version 12.00
Project("{FAE04EC0-301F-11D3-BF4B-00C04F79EFBC}") = "Spangle.Core", "src\Spangle.Core\Spangle.Core.csproj", "{A8340966-1FBF-4B63-96DD-1ED284C01367}"
EndProject
Project("{FAE04EC0-301F-11D3-BF4B-00C04F79EFBC}") = "Spangle.Extensions.Kestrel", "src\Spangle.Extensions.Kestrel\Spangle.Extensions.Kestrel.csproj", "{F677476B-0B39-4B4A-BB88-384EA76F436F}"
EndProject
Project("{2150E333-8FDC-42A3-9474-1A3956D46DE8}") = "src", "src", "{76E37C85-31FB-4126-B65D-4272EF409FFC}"
EndProject
Project("{2150E333-8FDC-42A3-9474-1A3956D46DE8}") = "tests", "tests", "{094F95A7-D650-4408-8B17-081DEBBD5D5D}"
EndProject
Project("{2150E333-8FDC-42A3-9474-1A3956D46DE8}") = "etc", "etc", "{33FC8702-CE67-4990-AF2F-F797DB1C3DAD}"
	ProjectSection(SolutionItems) = preProject
		.editorconfig = .editorconfig
		.gitignore = .gitignore
		Directory.Build.props = Directory.Build.props
		.gitattributes = .gitattributes
		README.md = README.md
	EndProjectSection
EndProject
Project("{FAE04EC0-301F-11D3-BF4B-00C04F79EFBC}") = "Spangle.Core.Tests", "tests\Spangle.Core.Tests\Spangle.Core.Tests.csproj", "{59842F61-E834-4069-BAA2-6E9F07C69D65}"
EndProject
Project("{FAE04EC0-301F-11D3-BF4B-00C04F79EFBC}") = "Spangle.MediaServer", "src\Spangle.MediaServer\Spangle.MediaServer.csproj", "{AF10BE03-A641-434D-961E-F125B97B540E}"
EndProject
Project("{2150E333-8FDC-42A3-9474-1A3956D46DE8}") = "examples", "examples", "{209EE6FD-CB9E-4463-9BD2-F29986294AE7}"
EndProject
Project("{FAE04EC0-301F-11D3-BF4B-00C04F79EFBC}") = "Spangle.Examples.Console", "examples\Spangle.Examples.Console\Spangle.Examples.Console.csproj", "{9E253D82-BF3D-4265-A7D0-6D56355AA583}"
EndProject
Project("{FAE04EC0-301F-11D3-BF4B-00C04F79EFBC}") = "Spangle.Core.Abstractions", "src\Spangle.Core.Abstractions\Spangle.Core.Abstractions.csproj", "{853F9F59-7AA3-491C-9151-7AAC654B21C5}"
EndProject
Project("{FAE04EC0-301F-11D3-BF4B-00C04F79EFBC}") = "Spangle.SourceGenerator", "src\Spangle.SourceGenerator\Spangle.SourceGenerator.csproj", "{6B9D28EC-F84F-4ADE-BB02-029C57E35289}"
EndProject
Project("{FAE04EC0-301F-11D3-BF4B-00C04F79EFBC}") = "Spangle.SourceGenerator.Tests", "tests\Spangle.SourceGenerator.Tests\Spangle.SourceGenerator.Tests.csproj", "{3A5964BE-5537-4057-AFC7-E8B8C845F9B8}"
EndProject
Project("{FAE04EC0-301F-11D3-BF4B-00C04F79EFBC}") = "Spangle.Net.Transport.SRT", "src\Spangle.Net.Transport.SRT\Spangle.Net.Transport.SRT.csproj", "{E15DFA2A-E03C-4CAC-9E70-D44CFFA63ED9}"
EndProject
Global
	GlobalSection(SolutionConfigurationPlatforms) = preSolution
		Debug|Any CPU = Debug|Any CPU
		Release|Any CPU = Release|Any CPU
	EndGlobalSection
	GlobalSection(ProjectConfigurationPlatforms) = postSolution
		{A8340966-1FBF-4B63-96DD-1ED284C01367}.Debug|Any CPU.ActiveCfg = Debug|Any CPU
		{A8340966-1FBF-4B63-96DD-1ED284C01367}.Debug|Any CPU.Build.0 = Debug|Any CPU
		{A8340966-1FBF-4B63-96DD-1ED284C01367}.Release|Any CPU.ActiveCfg = Release|Any CPU
		{A8340966-1FBF-4B63-96DD-1ED284C01367}.Release|Any CPU.Build.0 = Release|Any CPU
		{F677476B-0B39-4B4A-BB88-384EA76F436F}.Debug|Any CPU.ActiveCfg = Debug|Any CPU
		{F677476B-0B39-4B4A-BB88-384EA76F436F}.Debug|Any CPU.Build.0 = Debug|Any CPU
		{F677476B-0B39-4B4A-BB88-384EA76F436F}.Release|Any CPU.ActiveCfg = Release|Any CPU
		{F677476B-0B39-4B4A-BB88-384EA76F436F}.Release|Any CPU.Build.0 = Release|Any CPU
		{59842F61-E834-4069-BAA2-6E9F07C69D65}.Debug|Any CPU.ActiveCfg = Debug|Any CPU
		{59842F61-E834-4069-BAA2-6E9F07C69D65}.Debug|Any CPU.Build.0 = Debug|Any CPU
		{59842F61-E834-4069-BAA2-6E9F07C69D65}.Release|Any CPU.ActiveCfg = Release|Any CPU
		{59842F61-E834-4069-BAA2-6E9F07C69D65}.Release|Any CPU.Build.0 = Release|Any CPU
		{AF10BE03-A641-434D-961E-F125B97B540E}.Debug|Any CPU.ActiveCfg = Debug|Any CPU
		{AF10BE03-A641-434D-961E-F125B97B540E}.Debug|Any CPU.Build.0 = Debug|Any CPU
		{AF10BE03-A641-434D-961E-F125B97B540E}.Release|Any CPU.ActiveCfg = Release|Any CPU
		{AF10BE03-A641-434D-961E-F125B97B540E}.Release|Any CPU.Build.0 = Release|Any CPU
		{9E253D82-BF3D-4265-A7D0-6D56355AA583}.Debug|Any CPU.ActiveCfg = Debug|Any CPU
		{9E253D82-BF3D-4265-A7D0-6D56355AA583}.Debug|Any CPU.Build.0 = Debug|Any CPU
		{9E253D82-BF3D-4265-A7D0-6D56355AA583}.Release|Any CPU.ActiveCfg = Release|Any CPU
		{9E253D82-BF3D-4265-A7D0-6D56355AA583}.Release|Any CPU.Build.0 = Release|Any CPU
		{853F9F59-7AA3-491C-9151-7AAC654B21C5}.Debug|Any CPU.ActiveCfg = Debug|Any CPU
		{853F9F59-7AA3-491C-9151-7AAC654B21C5}.Debug|Any CPU.Build.0 = Debug|Any CPU
		{853F9F59-7AA3-491C-9151-7AAC654B21C5}.Release|Any CPU.ActiveCfg = Release|Any CPU
		{853F9F59-7AA3-491C-9151-7AAC654B21C5}.Release|Any CPU.Build.0 = Release|Any CPU
		{6B9D28EC-F84F-4ADE-BB02-029C57E35289}.Debug|Any CPU.ActiveCfg = Debug|Any CPU
		{6B9D28EC-F84F-4ADE-BB02-029C57E35289}.Debug|Any CPU.Build.0 = Debug|Any CPU
		{6B9D28EC-F84F-4ADE-BB02-029C57E35289}.Release|Any CPU.ActiveCfg = Release|Any CPU
		{6B9D28EC-F84F-4ADE-BB02-029C57E35289}.Release|Any CPU.Build.0 = Release|Any CPU
		{3A5964BE-5537-4057-AFC7-E8B8C845F9B8}.Debug|Any CPU.ActiveCfg = Debug|Any CPU
		{3A5964BE-5537-4057-AFC7-E8B8C845F9B8}.Debug|Any CPU.Build.0 = Debug|Any CPU
		{3A5964BE-5537-4057-AFC7-E8B8C845F9B8}.Release|Any CPU.ActiveCfg = Release|Any CPU
		{3A5964BE-5537-4057-AFC7-E8B8C845F9B8}.Release|Any CPU.Build.0 = Release|Any CPU
		{E15DFA2A-E03C-4CAC-9E70-D44CFFA63ED9}.Debug|Any CPU.ActiveCfg = Debug|Any CPU
		{E15DFA2A-E03C-4CAC-9E70-D44CFFA63ED9}.Debug|Any CPU.Build.0 = Debug|Any CPU
		{E15DFA2A-E03C-4CAC-9E70-D44CFFA63ED9}.Release|Any CPU.ActiveCfg = Release|Any CPU
		{E15DFA2A-E03C-4CAC-9E70-D44CFFA63ED9}.Release|Any CPU.Build.0 = Release|Any CPU
	EndGlobalSection
	GlobalSection(NestedProjects) = preSolution
		{A8340966-1FBF-4B63-96DD-1ED284C01367} = {76E37C85-31FB-4126-B65D-4272EF409FFC}
		{F677476B-0B39-4B4A-BB88-384EA76F436F} = {76E37C85-31FB-4126-B65D-4272EF409FFC}
		{59842F61-E834-4069-BAA2-6E9F07C69D65} = {094F95A7-D650-4408-8B17-081DEBBD5D5D}
		{AF10BE03-A641-434D-961E-F125B97B540E} = {76E37C85-31FB-4126-B65D-4272EF409FFC}
		{9E253D82-BF3D-4265-A7D0-6D56355AA583} = {209EE6FD-CB9E-4463-9BD2-F29986294AE7}
		{853F9F59-7AA3-491C-9151-7AAC654B21C5} = {76E37C85-31FB-4126-B65D-4272EF409FFC}
		{6B9D28EC-F84F-4ADE-BB02-029C57E35289} = {76E37C85-31FB-4126-B65D-4272EF409FFC}
		{3A5964BE-5537-4057-AFC7-E8B8C845F9B8} = {094F95A7-D650-4408-8B17-081DEBBD5D5D}
		{E15DFA2A-E03C-4CAC-9E70-D44CFFA63ED9} = {76E37C85-31FB-4126-B65D-4272EF409FFC}
	EndGlobalSection
EndGlobal
